
Microsoft Visual Studio Solution File, Format Version 12.00
# Visual Studio Version 17
VisualStudioVersion = 17.9.34728.123
MinimumVisualStudioVersion = 10.0.40219.1
Project("{9A19103F-16F7-4668-BE54-9A1E7A4F7556}") = "week06_final", "week06_final\week06_final.csproj", "{3D91EAF3-A5A0-4887-B24B-4D0DDE1E2A52}"
EndProject
Project("{9A19103F-16F7-4668-BE54-9A1E7A4F7556}") = "week06_finalTests", "week06_finalTests\week06_finalTests.csproj", "{58343EE3-4B3F-435D-91DF-85ECFB475358}"
EndProject
Project("{FAE04EC0-301F-11D3-BF4B-00C04F79EFBC}") = "week06_final_TesterApp", "week06_final_TesterApp\week06_final_TesterApp.csproj", "{A94E2A67-060D-4E77-95F8-9BD0E03F7016}"
EndProject
Project("{2150E333-8FDC-42A3-9474-1A3956D46DE8}") = "Solution Items", "Solution Items", "{A6AC36E3-4082-4BBF-A949-273FF3E307AE}"
	ProjectSection(SolutionItems) = preProject
		week06_final_CodeCoverage.coveragexml = week06_final_CodeCoverage.coveragexml
		Week06_Final_CodeMetrics.xlsx = Week06_Final_CodeMetrics.xlsx
	EndProjectSection
EndProject
Global
	GlobalSection(SolutionConfigurationPlatforms) = preSolution
		Debug|Any CPU = Debug|Any CPU
		Release|Any CPU = Release|Any CPU
	EndGlobalSection
	GlobalSection(ProjectConfigurationPlatforms) = postSolution
		{3D91EAF3-A5A0-4887-B24B-4D0DDE1E2A52}.Debug|Any CPU.ActiveCfg = Debug|Any CPU
		{3D91EAF3-A5A0-4887-B24B-4D0DDE1E2A52}.Debug|Any CPU.Build.0 = Debug|Any CPU
		{3D91EAF3-A5A0-4887-B24B-4D0DDE1E2A52}.Release|Any CPU.ActiveCfg = Release|Any CPU
		{3D91EAF3-A5A0-4887-B24B-4D0DDE1E2A52}.Release|Any CPU.Build.0 = Release|Any CPU
		{58343EE3-4B3F-435D-91DF-85ECFB475358}.Debug|Any CPU.ActiveCfg = Debug|Any CPU
		{58343EE3-4B3F-435D-91DF-85ECFB475358}.Debug|Any CPU.Build.0 = Debug|Any CPU
		{58343EE3-4B3F-435D-91DF-85ECFB475358}.Release|Any CPU.ActiveCfg = Release|Any CPU
		{58343EE3-4B3F-435D-91DF-85ECFB475358}.Release|Any CPU.Build.0 = Release|Any CPU
		{A94E2A67-060D-4E77-95F8-9BD0E03F7016}.Debug|Any CPU.ActiveCfg = Debug|Any CPU
		{A94E2A67-060D-4E77-95F8-9BD0E03F7016}.Debug|Any CPU.Build.0 = Debug|Any CPU
		{A94E2A67-060D-4E77-95F8-9BD0E03F7016}.Release|Any CPU.ActiveCfg = Release|Any CPU
		{A94E2A67-060D-4E77-95F8-9BD0E03F7016}.Release|Any CPU.Build.0 = Release|Any CPU
	EndGlobalSection
	GlobalSection(SolutionProperties) = preSolution
		HideSolutionNode = FALSE
	EndGlobalSection
	GlobalSection(ExtensibilityGlobals) = postSolution
		SolutionGuid = {99587B7B-96FF-4AE7-A487-9E1805586F98}
	EndGlobalSection
EndGlobal
