
Microsoft Visual Studio Solution File, Format Version 12.00
# Visual Studio Version 17
VisualStudioVersion = 17.9.34723.18
MinimumVisualStudioVersion = 10.0.40219.1
Project("{FAE04EC0-301F-11D3-BF4B-00C04F79EFBC}") = "week01_homework", "week01_homework\week01_homework.csproj", "{5D58553A-D86A-47D1-8898-0B2992F6E37D}"
EndProject
Project("{FAE04EC0-301F-11D3-BF4B-00C04F79EFBC}") = "week01_homeworkTests", "week01_homeworkTests\week01_homeworkTests.csproj", "{111CA468-5813-4005-8F3F-46C26FDC0C36}"
EndProject
Global
	GlobalSection(SolutionConfigurationPlatforms) = preSolution
		Debug|Any CPU = Debug|Any CPU
		Release|Any CPU = Release|Any CPU
	EndGlobalSection
	GlobalSection(ProjectConfigurationPlatforms) = postSolution
		{5D58553A-D86A-47D1-8898-0B2992F6E37D}.Debug|Any CPU.ActiveCfg = Debug|Any CPU
		{5D58553A-D86A-47D1-8898-0B2992F6E37D}.Debug|Any CPU.Build.0 = Debug|Any CPU
		{5D58553A-D86A-47D1-8898-0B2992F6E37D}.Release|Any CPU.ActiveCfg = Release|Any CPU
		{5D58553A-D86A-47D1-8898-0B2992F6E37D}.Release|Any CPU.Build.0 = Release|Any CPU
		{111CA468-5813-4005-8F3F-46C26FDC0C36}.Debug|Any CPU.ActiveCfg = Debug|Any CPU
		{111CA468-5813-4005-8F3F-46C26FDC0C36}.Debug|Any CPU.Build.0 = Debug|Any CPU
		{111CA468-5813-4005-8F3F-46C26FDC0C36}.Release|Any CPU.ActiveCfg = Release|Any CPU
		{111CA468-5813-4005-8F3F-46C26FDC0C36}.Release|Any CPU.Build.0 = Release|Any CPU
	EndGlobalSection
	GlobalSection(SolutionProperties) = preSolution
		HideSolutionNode = FALSE
	EndGlobalSection
	GlobalSection(ExtensibilityGlobals) = postSolution
		SolutionGuid = {63ABCC0D-B668-43FE-B81F-D74673ADDA46}
	EndGlobalSection
EndGlobal
